
Microsoft Visual Studio Solution File, Format Version 12.00
# Visual Studio Version 17
VisualStudioVersion = 17.7.34221.43
MinimumVisualStudioVersion = 10.0.40219.1
Project("{9A19103F-16F7-4668-BE54-9A1E7A4F7556}") = "AspDotNetCoreMVC.MovieApp", "AspDotNetCoreMVC.MovieApp\AspDotNetCoreMVC.MovieApp.csproj", "{BBDA46F3-AED0-4C6E-809B-BCDF46DD22A2}"
EndProject
Project("{FAE04EC0-301F-11D3-BF4B-00C04F79EFBC}") = "TestingMovieMVC", "TestingMovieMVC\TestingMovieMVC.csproj", "{0B08970B-A585-4812-90F1-29FF110004B5}"
EndProject
Global
	GlobalSection(SolutionConfigurationPlatforms) = preSolution
		Debug|Any CPU = Debug|Any CPU
		Release|Any CPU = Release|Any CPU
	EndGlobalSection
	GlobalSection(ProjectConfigurationPlatforms) = postSolution
		{BBDA46F3-AED0-4C6E-809B-BCDF46DD22A2}.Debug|Any CPU.ActiveCfg = Debug|Any CPU
		{BBDA46F3-AED0-4C6E-809B-BCDF46DD22A2}.Debug|Any CPU.Build.0 = Debug|Any CPU
		{BBDA46F3-AED0-4C6E-809B-BCDF46DD22A2}.Release|Any CPU.ActiveCfg = Release|Any CPU
		{BBDA46F3-AED0-4C6E-809B-BCDF46DD22A2}.Release|Any CPU.Build.0 = Release|Any CPU
		{0B08970B-A585-4812-90F1-29FF110004B5}.Debug|Any CPU.ActiveCfg = Debug|Any CPU
		{0B08970B-A585-4812-90F1-29FF110004B5}.Debug|Any CPU.Build.0 = Debug|Any CPU
		{0B08970B-A585-4812-90F1-29FF110004B5}.Release|Any CPU.ActiveCfg = Release|Any CPU
		{0B08970B-A585-4812-90F1-29FF110004B5}.Release|Any CPU.Build.0 = Release|Any CPU
	EndGlobalSection
	GlobalSection(SolutionProperties) = preSolution
		HideSolutionNode = FALSE
	EndGlobalSection
	GlobalSection(ExtensibilityGlobals) = postSolution
		SolutionGuid = {125976B0-4814-47F3-8E7D-F0DE103400D6}
	EndGlobalSection
EndGlobal
